
Microsoft Visual Studio Solution File, Format Version 11.00
# Visual Studio 2010
Project("{8BC9CEB8-8B4A-11D0-8D11-00A0C91BC942}") = "DynArray12_p883_asinia01", "DynArray12_p883_asinia01\DynArray12_p883_asinia01.vcxproj", "{F768292F-C9F8-4F6F-A0AF-166F8FDC162C}"
EndProject
Global
	GlobalSection(SolutionConfigurationPlatforms) = preSolution
		Debug|Win32 = Debug|Win32
		Release|Win32 = Release|Win32
	EndGlobalSection
	GlobalSection(ProjectConfigurationPlatforms) = postSolution
		{F768292F-C9F8-4F6F-A0AF-166F8FDC162C}.Debug|Win32.ActiveCfg = Debug|Win32
		{F768292F-C9F8-4F6F-A0AF-166F8FDC162C}.Debug|Win32.Build.0 = Debug|Win32
		{F768292F-C9F8-4F6F-A0AF-166F8FDC162C}.Release|Win32.ActiveCfg = Release|Win32
		{F768292F-C9F8-4F6F-A0AF-166F8FDC162C}.Release|Win32.Build.0 = Release|Win32
	EndGlobalSection
	GlobalSection(SolutionProperties) = preSolution
		HideSolutionNode = FALSE
	EndGlobalSection
EndGlobal
